{
  "version": 4,
  "terraform_version": "1.13.3",
  "serial": 18,
  "lineage": "4f6442db-8df6-4090-f3de-94ebb36071ab",
  "outputs": {
    "function_app_url": {
      "value": "https://ps-fn-app-demo.azurewebsites.net",
      "type": "string"
    },
    "http_trigger_ps_fn_url": {
      "value": "invocation_url: https://ps-fn-app-demo.azurewebsites.net/api/http-trigger-ps-fn?code=wBm-KAA4a39G-E6Y56hJ2J-CA-2iMnvn5ac_3JNXZSauAzFuc5W3DA==",
      "type": "string"
    },
    "resource_group_name": {
      "value": "ps-fn-app-demo-rg",
      "type": "string"
    },
    "storage_account_name": {
      "value": "stprojstoraccdev",
      "type": "string"
    }
  },
  "resources": [
    {
      "mode": "data",
      "type": "azurerm_client_config",
      "name": "current",
      "provider": "provider[\"registry.terraform.io/hashicorp/azurerm\"]",
      "instances": [
        {
          "schema_version": 0,
          "attributes": {
            "client_id": "04b07795-8ddb-461a-bbee-02f9e1bf7b46",
            "id": "Y2xpZW50Q29uZmlncy9jbGllbnRJZD0wNGIwNzc5NS04ZGRiLTQ2MWEtYmJlZS0wMmY5ZTFiZjdiNDY7b2JqZWN0SWQ9ZDFlM2YzZWMtNmUxMS00ZjRiLThkODEtMThmNmVmODgwNjBhO3N1YnNjcmlwdGlvbklkPTU1OGUxMDdiLTcyZGItNDc2ZC04YjAyLWU1MDlmZjcyMDM3Mjt0ZW5hbnRJZD0zNmQxZTk3Ni1mN2E0LTQ4OGItOGY2OS03YTMyMTBkOTRlMTU=",
            "object_id": "d1e3f3ec-6e11-4f4b-8d81-18f6ef88060a",
            "subscription_id": "558e107b-72db-476d-8b02-e509ff720372",
            "tenant_id": "36d1e976-f7a4-488b-8f69-7a3210d94e15",
            "timeouts": null
          },
          "sensitive_attributes": [],
          "identity_schema_version": 0
        }
      ]
    },
    {
      "mode": "data",
      "type": "azurerm_function_app_host_keys",
      "name": "host_keys",
      "provider": "provider[\"registry.terraform.io/hashicorp/azurerm\"]",
      "instances": [
        {
          "schema_version": 0,
          "attributes": {
            "blobs_extension_key": "",
            "default_function_key": "wBm-KAA4a39G-E6Y56hJ2J-CA-2iMnvn5ac_3JNXZSauAzFuc5W3DA==",
            "durabletask_extension_key": "",
            "event_grid_extension_config_key": "",
            "event_grid_extension_key": null,
            "id": "/subscriptions/558e107b-72db-476d-8b02-e509ff720372/resourceGroups/ps-fn-app-demo-rg/providers/Microsoft.Web/sites/ps-fn-app-demo",
            "name": "ps-fn-app-demo",
            "primary_key": "zer3SINjxqvdakP4dyULO6G0DYGXTL1mLwExiEVDzSvDAzFuH75Fog==",
            "resource_group_name": "ps-fn-app-demo-rg",
            "signalr_extension_key": "",
            "timeouts": null,
            "webpubsub_extension_key": ""
          },
          "sensitive_attributes": [
            [
              {
                "type": "get_attr",
                "value": "blobs_extension_key"
              }
            ],
            [
              {
                "type": "get_attr",
                "value": "default_function_key"
              }
            ],
            [
              {
                "type": "get_attr",
                "value": "durabletask_extension_key"
              }
            ],
            [
              {
                "type": "get_attr",
                "value": "event_grid_extension_config_key"
              }
            ],
            [
              {
                "type": "get_attr",
                "value": "event_grid_extension_key"
              }
            ],
            [
              {
                "type": "get_attr",
                "value": "primary_key"
              }
            ],
            [
              {
                "type": "get_attr",
                "value": "signalr_extension_key"
              }
            ],
            [
              {
                "type": "get_attr",
                "value": "webpubsub_extension_key"
              }
            ]
          ],
          "identity_schema_version": 0
        }
      ]
    },
    {
      "mode": "managed",
      "type": "azurerm_function_app_function",
      "name": "http_trigger_ps_fn",
      "provider": "provider[\"registry.terraform.io/hashicorp/azurerm\"]",
      "instances": [
        {
          "schema_version": 0,
          "attributes": {
            "config_json": "{\"bindings\":[{\"authLevel\":\"function\",\"direction\":\"in\",\"methods\":[\"get\",\"post\"],\"name\":\"Request\",\"scriptFile\":\"run.ps1\",\"type\":\"httpTrigger\"},{\"direction\":\"out\",\"name\":\"Response\",\"type\":\"http\"}]}",
            "config_url": "https://ps-fn-app-demo.azurewebsites.net/admin/vfs/home/site/wwwroot/http-trigger-ps-fn/function.json",
            "enabled": true,
            "file": [
              {
                "content": "using namespace System.Net\r\n\r\n# Input bindings are passed in via param block.\r\nparam($Request, $TriggerMetadata)\r\n\r\n# Write to the Azure Functions log stream.\r\nWrite-Host \"PowerShell HTTP trigger function processed a request.\"\r\n\r\n# Interact with query parameters or the body of the request.\r\n$jsonOnly = $Request.Query.jsonOnly # use as https://ps-fn-app-demo.azurewebsites.net/api/http-trigger-ps-fn?jsonOnly=false\u0026\u0026code=...\r\n\r\n#Define api url\r\n$nasaApiUrl = \"https://api.nasa.gov/mars-photos/api/v1/rovers/curiosity/photos?sol=1000\u0026api_key=IoCUJVCdemHilgLfk0lv40961uQp4Hnl1fKrhSWD\"\r\n\r\ntry {\r\n  # Ensures that Invoke-WebRequest uses TLS 1.2\r\n  [ Net.ServicePointManager]::SecurityProtocol = [Net.SecurityProtocolType]::Tls12\r\n  # Capture API response\r\n  $apiResponse = Invoke-RestMethod -Uri $nasaApiUrl -Method Get\r\n  #  query parameter logic\r\n  if (-not $jsonOnly) {\r\n    $random = Get-Random -Minimum 0 -Maximum $apiResponse.photos.Count\r\n    $randomPhoto = $apiResponse.photos[$random]  \r\n    $body += \"\u003chtml\u003e\u003cbody style='text-align: center;'\u003e\u003cH1\u003eRandom Marth Photo\u003c/H1\u003e\u003cbr\u003e\"\r\n    $body += \"\u003cimg src='\" + $randomPhoto.img_src + \"' style='width: 750px; height: auto;'\u003e\u003c/img\u003e\u003cbr\u003e\u003chr\u003e\u003c/body\u003e\u003c/html\u003e\"\r\n    Push-OutputBinding -Name Response -Value ([HttpResponseContext]@{\r\n     StatusCode  = [HttpStatusCode]::OK\r\n     ContentType = \"text/html\" # \u003c-- Set content type to HTML to render in browser\r\n     Body        = $body\r\n    })\r\n  } \r\n  else {\r\n    $body += $apiResponse | ConvertTo-Json \r\n    # Associate values to output bindings by calling 'Push-OutputBinding'.\r\n    Push-OutputBinding -Name Response -Value ([HttpResponseContext]@{\r\n      StatusCode = [HttpStatusCode]::OK\r\n      Body = $body # Return JSON response\r\n    })\r\n  }\r\n} catch {\r\n    # Handle any errors during the API call\r\n    $errorMessage = $_.Exception.Message\r\n    Write-Error \"Error calling API: $errorMessage\"\r\n    $statusCode = 500\r\n    $body = @{ error = $errorMessage } | ConvertTo-Json\r\n    Push-OutputBinding -Name Response -Value ([HttpResponseContext]@{\r\n      StatusCode = $statusCode # Return HTTP 500 for server errors\r\n      Body = $body\r\n    })\r\n}\r\n\r\n",
                "name": "run.ps1"
              }
            ],
            "function_app_id": "/subscriptions/558e107b-72db-476d-8b02-e509ff720372/resourceGroups/ps-fn-app-demo-rg/providers/Microsoft.Web/sites/ps-fn-app-demo",
            "id": "/subscriptions/558e107b-72db-476d-8b02-e509ff720372/resourceGroups/ps-fn-app-demo-rg/providers/Microsoft.Web/sites/ps-fn-app-demo/functions/http-trigger-ps-fn",
            "invocation_url": "https://ps-fn-app-demo.azurewebsites.net/api/http-trigger-ps-fn",
            "language": "PowerShell",
            "name": "http-trigger-ps-fn",
            "script_root_path_url": "https://ps-fn-app-demo.azurewebsites.net/admin/vfs/home/site/wwwroot/http-trigger-ps-fn/",
            "script_url": "https://ps-fn-app-demo.azurewebsites.net/admin/vfs/home/site/wwwroot/http-trigger-ps-fn/run.ps1",
            "secrets_file_url": "",
            "test_data": "{\"name\":\"Azure\"}",
            "test_data_url": "https://ps-fn-app-demo.azurewebsites.net/admin/vfs/tmp/FunctionsData/http-trigger-ps-fn.dat",
            "timeouts": null,
            "url": "https://ps-fn-app-demo.azurewebsites.net/admin/functions/http-trigger-ps-fn"
          },
          "sensitive_attributes": [],
          "identity_schema_version": 0,
          "private": "eyJlMmJmYjczMC1lY2FhLTExZTYtOGY4OC0zNDM2M2JjN2M0YzAiOnsiY3JlYXRlIjoxODAwMDAwMDAwMDAwLCJkZWxldGUiOjMwMDAwMDAwMDAwMCwicmVhZCI6MzAwMDAwMDAwMDAwLCJ1cGRhdGUiOjE4MDAwMDAwMDAwMDB9fQ==",
          "dependencies": [
            "azurerm_linux_function_app.function_app",
            "azurerm_resource_group.main",
            "azurerm_service_plan.function_plan",
            "azurerm_storage_account.function_storage"
          ]
        }
      ]
    },
    {
      "mode": "managed",
      "type": "azurerm_linux_function_app",
      "name": "function_app",
      "provider": "provider[\"registry.terraform.io/hashicorp/azurerm\"]",
      "instances": [
        {
          "schema_version": 1,
          "attributes": {
            "app_settings": {
              "FUNCTIONS_WORKER_RUNTIME": "powershell",
              "STORAGE_CONNECTION_STRING": "DefaultEndpointsProtocol=https;AccountName=stprojstoraccdev;AccountKey=ji5/iei2BpXQ+q0OzbSBfwHKVAHj/xA/HrgPgXw7IhfY2W/PeuEWbAEX94ugNYch4AZUWZaJql71+AStCOyQzA==;EndpointSuffix=core.windows.net",
              "WEBSITE_CONTENTAZUREFILECONNECTIONSTRING": "DefaultEndpointsProtocol=https;AccountName=stprojstoraccdev;AccountKey=ji5/iei2BpXQ+q0OzbSBfwHKVAHj/xA/HrgPgXw7IhfY2W/PeuEWbAEX94ugNYch4AZUWZaJql71+AStCOyQzA==;EndpointSuffix=core.windows.net",
              "WEBSITE_CONTENTSHARE": "ps-fn-app-demo"
            },
            "auth_settings": [],
            "auth_settings_v2": [],
            "backup": [],
            "builtin_logging_enabled": true,
            "client_certificate_enabled": false,
            "client_certificate_exclusion_paths": "",
            "client_certificate_mode": "Optional",
            "connection_string": [],
            "content_share_force_disabled": false,
            "custom_domain_verification_id": "B1AE6EB24F420F153263C36A44C4CBD232FEB6948E20F571551FD77C269245BC",
            "daily_memory_time_quota": 0,
            "default_hostname": "ps-fn-app-demo.azurewebsites.net",
            "enabled": true,
            "ftp_publish_basic_authentication_enabled": true,
            "functions_extension_version": "~4",
            "hosting_environment_id": "",
            "https_only": false,
            "id": "/subscriptions/558e107b-72db-476d-8b02-e509ff720372/resourceGroups/ps-fn-app-demo-rg/providers/Microsoft.Web/sites/ps-fn-app-demo",
            "identity": [],
            "key_vault_reference_identity_id": "SystemAssigned",
            "kind": "functionapp,linux",
            "location": "eastus2",
            "name": "ps-fn-app-demo",
            "outbound_ip_address_list": [
              "52.252.22.155",
              "20.62.18.64",
              "52.179.234.0",
              "52.179.234.1",
              "52.179.237.99",
              "52.179.237.148",
              "20.49.97.17"
            ],
            "outbound_ip_addresses": "52.252.22.155,20.62.18.64,52.179.234.0,52.179.234.1,52.179.237.99,52.179.237.148,20.49.97.17",
            "possible_outbound_ip_address_list": [
              "52.252.22.155",
              "20.62.18.64",
              "52.179.234.0",
              "52.179.234.1",
              "52.179.237.99",
              "52.179.237.148",
              "52.252.23.246",
              "52.253.64.47",
              "52.253.64.124",
              "52.253.64.125",
              "52.253.65.84",
              "52.253.65.85",
              "52.254.103.240",
              "52.253.65.92",
              "52.253.65.93",
              "52.177.89.135",
              "52.253.69.207",
              "52.253.69.240",
              "52.167.19.211",
              "52.177.147.229",
              "40.65.238.53",
              "52.177.147.249",
              "20.44.83.102",
              "52.177.148.19",
              "20.49.97.17"
            ],
            "possible_outbound_ip_addresses": "52.252.22.155,20.62.18.64,52.179.234.0,52.179.234.1,52.179.237.99,52.179.237.148,52.252.23.246,52.253.64.47,52.253.64.124,52.253.64.125,52.253.65.84,52.253.65.85,52.254.103.240,52.253.65.92,52.253.65.93,52.177.89.135,52.253.69.207,52.253.69.240,52.167.19.211,52.177.147.229,40.65.238.53,52.177.147.249,20.44.83.102,52.177.148.19,20.49.97.17",
            "public_network_access_enabled": true,
            "resource_group_name": "ps-fn-app-demo-rg",
            "service_plan_id": "/subscriptions/558e107b-72db-476d-8b02-e509ff720372/resourceGroups/ps-fn-app-demo-rg/providers/Microsoft.Web/serverFarms/stproject-appserviceplan-dev",
            "site_config": [
              {
                "always_on": false,
                "api_definition_url": "",
                "api_management_api_id": "",
                "app_command_line": "",
                "app_scale_limit": 200,
                "app_service_logs": [],
                "application_insights_connection_string": "",
                "application_insights_key": "",
                "application_stack": [
                  {
                    "docker": [],
                    "dotnet_version": "",
                    "java_version": "",
                    "node_version": "",
                    "powershell_core_version": "7.4",
                    "python_version": "",
                    "use_custom_runtime": false,
                    "use_dotnet_isolated_runtime": false
                  }
                ],
                "container_registry_managed_identity_client_id": "",
                "container_registry_use_managed_identity": false,
                "cors": [
                  {
                    "allowed_origins": [
                      "*"
                    ],
                    "support_credentials": false
                  }
                ],
                "default_documents": [
                  "Default.htm",
                  "Default.html",
                  "Default.asp",
                  "index.htm",
                  "index.html",
                  "iisstart.htm",
                  "default.aspx",
                  "index.php"
                ],
                "detailed_error_logging_enabled": false,
                "elastic_instance_minimum": 1,
                "ftps_state": "Disabled",
                "health_check_eviction_time_in_min": 0,
                "health_check_path": "",
                "http2_enabled": false,
                "ip_restriction": [],
                "ip_restriction_default_action": "Allow",
                "linux_fx_version": "POWERSHELL|7.4",
                "load_balancing_mode": "LeastRequests",
                "managed_pipeline_mode": "Integrated",
                "minimum_tls_version": "1.2",
                "pre_warmed_instance_count": 0,
                "remote_debugging_enabled": false,
                "remote_debugging_version": "",
                "runtime_scale_monitoring_enabled": false,
                "scm_ip_restriction": [],
                "scm_ip_restriction_default_action": "Allow",
                "scm_minimum_tls_version": "1.2",
                "scm_type": "None",
                "scm_use_main_ip_restriction": false,
                "use_32_bit_worker": false,
                "vnet_route_all_enabled": false,
                "websockets_enabled": false,
                "worker_count": 1
              }
            ],
            "site_credential": [
              {
                "name": "$ps-fn-app-demo",
                "password": "ljWEZ01eHm7SJJomHcMKhZfAe8Z02DJzFg9btArvjsvLtnbmHgsuvJpHjuJy"
              }
            ],
            "sticky_settings": [],
            "storage_account": [],
            "storage_account_access_key": "ji5/iei2BpXQ+q0OzbSBfwHKVAHj/xA/HrgPgXw7IhfY2W/PeuEWbAEX94ugNYch4AZUWZaJql71+AStCOyQzA==",
            "storage_account_name": "stprojstoraccdev",
            "storage_key_vault_secret_id": "",
            "storage_uses_managed_identity": false,
            "tags": {},
            "timeouts": null,
            "virtual_network_subnet_id": "",
            "webdeploy_publish_basic_authentication_enabled": true,
            "zip_deploy_file": ""
          },
          "sensitive_attributes": [
            [
              {
                "type": "get_attr",
                "value": "app_settings"
              },
              {
                "type": "index",
                "value": {
                  "value": "STORAGE_CONNECTION_STRING",
                  "type": "string"
                }
              }
            ],
            [
              {
                "type": "get_attr",
                "value": "app_settings"
              },
              {
                "type": "index",
                "value": {
                  "value": "WEBSITE_CONTENTAZUREFILECONNECTIONSTRING",
                  "type": "string"
                }
              }
            ],
            [
              {
                "type": "get_attr",
                "value": "custom_domain_verification_id"
              }
            ],
            [
              {
                "type": "get_attr",
                "value": "site_config"
              },
              {
                "type": "index",
                "value": {
                  "value": 0,
                  "type": "number"
                }
              },
              {
                "type": "get_attr",
                "value": "application_insights_connection_string"
              }
            ],
            [
              {
                "type": "get_attr",
                "value": "site_config"
              },
              {
                "type": "index",
                "value": {
                  "value": 0,
                  "type": "number"
                }
              },
              {
                "type": "get_attr",
                "value": "application_insights_key"
              }
            ],
            [
              {
                "type": "get_attr",
                "value": "site_credential"
              }
            ],
            [
              {
                "type": "get_attr",
                "value": "storage_account_access_key"
              }
            ]
          ],
          "identity_schema_version": 0,
          "private": "eyJlMmJmYjczMC1lY2FhLTExZTYtOGY4OC0zNDM2M2JjN2M0YzAiOnsiY3JlYXRlIjoxODAwMDAwMDAwMDAwLCJkZWxldGUiOjE4MDAwMDAwMDAwMDAsInJlYWQiOjMwMDAwMDAwMDAwMCwidXBkYXRlIjoxODAwMDAwMDAwMDAwfSwic2NoZW1hX3ZlcnNpb24iOiIxIn0=",
          "dependencies": [
            "azurerm_resource_group.main",
            "azurerm_service_plan.function_plan",
            "azurerm_storage_account.function_storage"
          ]
        }
      ]
    },
    {
      "mode": "managed",
      "type": "azurerm_resource_group",
      "name": "main",
      "provider": "provider[\"registry.terraform.io/hashicorp/azurerm\"]",
      "instances": [
        {
          "schema_version": 0,
          "attributes": {
            "id": "/subscriptions/558e107b-72db-476d-8b02-e509ff720372/resourceGroups/ps-fn-app-demo-rg",
            "location": "eastus2",
            "managed_by": "",
            "name": "ps-fn-app-demo-rg",
            "tags": {},
            "timeouts": null
          },
          "sensitive_attributes": [],
          "identity_schema_version": 0,
          "private": "eyJlMmJmYjczMC1lY2FhLTExZTYtOGY4OC0zNDM2M2JjN2M0YzAiOnsiY3JlYXRlIjo1NDAwMDAwMDAwMDAwLCJkZWxldGUiOjU0MDAwMDAwMDAwMDAsInJlYWQiOjMwMDAwMDAwMDAwMCwidXBkYXRlIjo1NDAwMDAwMDAwMDAwfX0="
        }
      ]
    },
    {
      "mode": "managed",
      "type": "azurerm_service_plan",
      "name": "function_plan",
      "provider": "provider[\"registry.terraform.io/hashicorp/azurerm\"]",
      "instances": [
        {
          "schema_version": 1,
          "attributes": {
            "app_service_environment_id": "",
            "id": "/subscriptions/558e107b-72db-476d-8b02-e509ff720372/resourceGroups/ps-fn-app-demo-rg/providers/Microsoft.Web/serverFarms/stproject-appserviceplan-dev",
            "kind": "functionapp",
            "location": "eastus2",
            "maximum_elastic_worker_count": 1,
            "name": "stproject-appserviceplan-dev",
            "os_type": "Linux",
            "per_site_scaling_enabled": false,
            "reserved": true,
            "resource_group_name": "ps-fn-app-demo-rg",
            "sku_name": "Y1",
            "tags": {
              "Environment": "dev",
              "Purpose": "FunctionApp"
            },
            "timeouts": null,
            "worker_count": 0,
            "zone_balancing_enabled": false
          },
          "sensitive_attributes": [],
          "identity_schema_version": 0,
          "private": "eyJlMmJmYjczMC1lY2FhLTExZTYtOGY4OC0zNDM2M2JjN2M0YzAiOnsiY3JlYXRlIjozNjAwMDAwMDAwMDAwLCJkZWxldGUiOjM2MDAwMDAwMDAwMDAsInJlYWQiOjMwMDAwMDAwMDAwMCwidXBkYXRlIjozNjAwMDAwMDAwMDAwfSwic2NoZW1hX3ZlcnNpb24iOiIxIn0=",
          "dependencies": [
            "azurerm_resource_group.main"
          ]
        }
      ]
    },
    {
      "mode": "managed",
      "type": "azurerm_storage_account",
      "name": "function_storage",
      "provider": "provider[\"registry.terraform.io/hashicorp/azurerm\"]",
      "instances": [
        {
          "schema_version": 4,
          "attributes": {
            "access_tier": "Hot",
            "account_kind": "StorageV2",
            "account_replication_type": "RAGRS",
            "account_tier": "Standard",
            "allow_nested_items_to_be_public": true,
            "allowed_copy_scope": "",
            "azure_files_authentication": [],
            "blob_properties": [
              {
                "change_feed_enabled": false,
                "change_feed_retention_in_days": 0,
                "container_delete_retention_policy": [],
                "cors_rule": [],
                "default_service_version": "",
                "delete_retention_policy": [],
                "last_access_time_enabled": false,
                "restore_policy": [],
                "versioning_enabled": false
              }
            ],
            "cross_tenant_replication_enabled": true,
            "custom_domain": [],
            "customer_managed_key": [],
            "default_to_oauth_authentication": false,
            "dns_endpoint_type": "Standard",
            "edge_zone": "",
            "enable_https_traffic_only": true,
            "https_traffic_only_enabled": true,
            "id": "/subscriptions/558e107b-72db-476d-8b02-e509ff720372/resourceGroups/ps-fn-app-demo-rg/providers/Microsoft.Storage/storageAccounts/stprojstoraccdev",
            "identity": [],
            "immutability_policy": [],
            "infrastructure_encryption_enabled": false,
            "is_hns_enabled": true,
            "large_file_share_enabled": false,
            "local_user_enabled": true,
            "location": "eastus2",
            "min_tls_version": "TLS1_2",
            "name": "stprojstoraccdev",
            "network_rules": [],
            "nfsv3_enabled": false,
            "primary_access_key": "ji5/iei2BpXQ+q0OzbSBfwHKVAHj/xA/HrgPgXw7IhfY2W/PeuEWbAEX94ugNYch4AZUWZaJql71+AStCOyQzA==",
            "primary_blob_connection_string": "DefaultEndpointsProtocol=https;BlobEndpoint=https://stprojstoraccdev.blob.core.windows.net/;AccountName=stprojstoraccdev;AccountKey=ji5/iei2BpXQ+q0OzbSBfwHKVAHj/xA/HrgPgXw7IhfY2W/PeuEWbAEX94ugNYch4AZUWZaJql71+AStCOyQzA==",
            "primary_blob_endpoint": "https://stprojstoraccdev.blob.core.windows.net/",
            "primary_blob_host": "stprojstoraccdev.blob.core.windows.net",
            "primary_blob_internet_endpoint": "",
            "primary_blob_internet_host": "",
            "primary_blob_microsoft_endpoint": "",
            "primary_blob_microsoft_host": "",
            "primary_connection_string": "DefaultEndpointsProtocol=https;AccountName=stprojstoraccdev;AccountKey=ji5/iei2BpXQ+q0OzbSBfwHKVAHj/xA/HrgPgXw7IhfY2W/PeuEWbAEX94ugNYch4AZUWZaJql71+AStCOyQzA==;EndpointSuffix=core.windows.net",
            "primary_dfs_endpoint": "https://stprojstoraccdev.dfs.core.windows.net/",
            "primary_dfs_host": "stprojstoraccdev.dfs.core.windows.net",
            "primary_dfs_internet_endpoint": "",
            "primary_dfs_internet_host": "",
            "primary_dfs_microsoft_endpoint": "",
            "primary_dfs_microsoft_host": "",
            "primary_file_endpoint": "https://stprojstoraccdev.file.core.windows.net/",
            "primary_file_host": "stprojstoraccdev.file.core.windows.net",
            "primary_file_internet_endpoint": "",
            "primary_file_internet_host": "",
            "primary_file_microsoft_endpoint": "",
            "primary_file_microsoft_host": "",
            "primary_location": "eastus2",
            "primary_queue_endpoint": "https://stprojstoraccdev.queue.core.windows.net/",
            "primary_queue_host": "stprojstoraccdev.queue.core.windows.net",
            "primary_queue_microsoft_endpoint": "",
            "primary_queue_microsoft_host": "",
            "primary_table_endpoint": "https://stprojstoraccdev.table.core.windows.net/",
            "primary_table_host": "stprojstoraccdev.table.core.windows.net",
            "primary_table_microsoft_endpoint": "",
            "primary_table_microsoft_host": "",
            "primary_web_endpoint": "https://stprojstoraccdev.z20.web.core.windows.net/",
            "primary_web_host": "stprojstoraccdev.z20.web.core.windows.net",
            "primary_web_internet_endpoint": "",
            "primary_web_internet_host": "",
            "primary_web_microsoft_endpoint": "",
            "primary_web_microsoft_host": "",
            "public_network_access_enabled": true,
            "queue_encryption_key_type": "Service",
            "queue_properties": [
              {
                "cors_rule": [],
                "hour_metrics": [
                  {
                    "enabled": false,
                    "include_apis": false,
                    "retention_policy_days": 0,
                    "version": "1.0"
                  }
                ],
                "logging": [
                  {
                    "delete": false,
                    "read": false,
                    "retention_policy_days": 0,
                    "version": "1.0",
                    "write": false
                  }
                ],
                "minute_metrics": [
                  {
                    "enabled": false,
                    "include_apis": false,
                    "retention_policy_days": 0,
                    "version": "1.0"
                  }
                ]
              }
            ],
            "resource_group_name": "ps-fn-app-demo-rg",
            "routing": [],
            "sas_policy": [],
            "secondary_access_key": "C+WuB63Zce4ZRV3FFVDVlzROh1iqOFMX2j7rBbfq0ugtAkbc7qF7596mfZGrJiL1u8zl05z9zLPt+AStA6/SDQ==",
            "secondary_blob_connection_string": "DefaultEndpointsProtocol=https;BlobEndpoint=https://stprojstoraccdev-secondary.blob.core.windows.net/;AccountName=stprojstoraccdev;AccountKey=C+WuB63Zce4ZRV3FFVDVlzROh1iqOFMX2j7rBbfq0ugtAkbc7qF7596mfZGrJiL1u8zl05z9zLPt+AStA6/SDQ==",
            "secondary_blob_endpoint": "https://stprojstoraccdev-secondary.blob.core.windows.net/",
            "secondary_blob_host": "stprojstoraccdev-secondary.blob.core.windows.net",
            "secondary_blob_internet_endpoint": "",
            "secondary_blob_internet_host": "",
            "secondary_blob_microsoft_endpoint": "",
            "secondary_blob_microsoft_host": "",
            "secondary_connection_string": "DefaultEndpointsProtocol=https;AccountName=stprojstoraccdev;AccountKey=C+WuB63Zce4ZRV3FFVDVlzROh1iqOFMX2j7rBbfq0ugtAkbc7qF7596mfZGrJiL1u8zl05z9zLPt+AStA6/SDQ==;EndpointSuffix=core.windows.net",
            "secondary_dfs_endpoint": "https://stprojstoraccdev-secondary.dfs.core.windows.net/",
            "secondary_dfs_host": "stprojstoraccdev-secondary.dfs.core.windows.net",
            "secondary_dfs_internet_endpoint": "",
            "secondary_dfs_internet_host": "",
            "secondary_dfs_microsoft_endpoint": "",
            "secondary_dfs_microsoft_host": "",
            "secondary_file_endpoint": "",
            "secondary_file_host": "",
            "secondary_file_internet_endpoint": "",
            "secondary_file_internet_host": "",
            "secondary_file_microsoft_endpoint": "",
            "secondary_file_microsoft_host": "",
            "secondary_location": "centralus",
            "secondary_queue_endpoint": "https://stprojstoraccdev-secondary.queue.core.windows.net/",
            "secondary_queue_host": "stprojstoraccdev-secondary.queue.core.windows.net",
            "secondary_queue_microsoft_endpoint": "",
            "secondary_queue_microsoft_host": "",
            "secondary_table_endpoint": "https://stprojstoraccdev-secondary.table.core.windows.net/",
            "secondary_table_host": "stprojstoraccdev-secondary.table.core.windows.net",
            "secondary_table_microsoft_endpoint": "",
            "secondary_table_microsoft_host": "",
            "secondary_web_endpoint": "https://stprojstoraccdev-secondary.z20.web.core.windows.net/",
            "secondary_web_host": "stprojstoraccdev-secondary.z20.web.core.windows.net",
            "secondary_web_internet_endpoint": "",
            "secondary_web_internet_host": "",
            "secondary_web_microsoft_endpoint": "",
            "secondary_web_microsoft_host": "",
            "sftp_enabled": false,
            "share_properties": [
              {
                "cors_rule": [],
                "retention_policy": [
                  {
                    "days": 7
                  }
                ],
                "smb": []
              }
            ],
            "shared_access_key_enabled": true,
            "static_website": [],
            "table_encryption_key_type": "Service",
            "tags": {},
            "timeouts": null
          },
          "sensitive_attributes": [
            [
              {
                "type": "get_attr",
                "value": "primary_access_key"
              }
            ],
            [
              {
                "type": "get_attr",
                "value": "primary_blob_connection_string"
              }
            ],
            [
              {
                "type": "get_attr",
                "value": "primary_connection_string"
              }
            ],
            [
              {
                "type": "get_attr",
                "value": "secondary_access_key"
              }
            ],
            [
              {
                "type": "get_attr",
                "value": "secondary_blob_connection_string"
              }
            ],
            [
              {
                "type": "get_attr",
                "value": "secondary_connection_string"
              }
            ]
          ],
          "identity_schema_version": 0,
          "private": "eyJlMmJmYjczMC1lY2FhLTExZTYtOGY4OC0zNDM2M2JjN2M0YzAiOnsiY3JlYXRlIjozNjAwMDAwMDAwMDAwLCJkZWxldGUiOjM2MDAwMDAwMDAwMDAsInJlYWQiOjMwMDAwMDAwMDAwMCwidXBkYXRlIjozNjAwMDAwMDAwMDAwfSwic2NoZW1hX3ZlcnNpb24iOiI0In0=",
          "dependencies": [
            "azurerm_resource_group.main"
          ]
        }
      ]
    }
  ],
  "check_results": null
}
